
Microsoft Visual Studio Solution File, Format Version 12.00
# Visual Studio Version 17
VisualStudioVersion = 17.14.36603.0 d17.14
MinimumVisualStudioVersion = 10.0.40219.1
Project("{FAE04EC0-301F-11D3-BF4B-00C04F79EFBC}") = "UI", "Ejercicio5\UI.csproj", "{C36D3471-2C30-4119-9CD6-1F5AA87A15A0}"
EndProject
Project("{FAE04EC0-301F-11D3-BF4B-00C04F79EFBC}") = "Domain", "Domain\Domain.csproj", "{CDF48CA7-3546-42EC-A3C8-D0331C8F1942}"
EndProject
Project("{FAE04EC0-301F-11D3-BF4B-00C04F79EFBC}") = "Data", "Data\Data.csproj", "{94A07BC1-D18B-491B-96BF-A8B45B84D1E9}"
EndProject
Global
	GlobalSection(SolutionConfigurationPlatforms) = preSolution
		Debug|Any CPU = Debug|Any CPU
		Release|Any CPU = Release|Any CPU
	EndGlobalSection
	GlobalSection(ProjectConfigurationPlatforms) = postSolution
		{C36D3471-2C30-4119-9CD6-1F5AA87A15A0}.Debug|Any CPU.ActiveCfg = Debug|Any CPU
		{C36D3471-2C30-4119-9CD6-1F5AA87A15A0}.Debug|Any CPU.Build.0 = Debug|Any CPU
		{C36D3471-2C30-4119-9CD6-1F5AA87A15A0}.Release|Any CPU.ActiveCfg = Release|Any CPU
		{C36D3471-2C30-4119-9CD6-1F5AA87A15A0}.Release|Any CPU.Build.0 = Release|Any CPU
		{CDF48CA7-3546-42EC-A3C8-D0331C8F1942}.Debug|Any CPU.ActiveCfg = Debug|Any CPU
		{CDF48CA7-3546-42EC-A3C8-D0331C8F1942}.Debug|Any CPU.Build.0 = Debug|Any CPU
		{CDF48CA7-3546-42EC-A3C8-D0331C8F1942}.Release|Any CPU.ActiveCfg = Release|Any CPU
		{CDF48CA7-3546-42EC-A3C8-D0331C8F1942}.Release|Any CPU.Build.0 = Release|Any CPU
		{94A07BC1-D18B-491B-96BF-A8B45B84D1E9}.Debug|Any CPU.ActiveCfg = Debug|Any CPU
		{94A07BC1-D18B-491B-96BF-A8B45B84D1E9}.Debug|Any CPU.Build.0 = Debug|Any CPU
		{94A07BC1-D18B-491B-96BF-A8B45B84D1E9}.Release|Any CPU.ActiveCfg = Release|Any CPU
		{94A07BC1-D18B-491B-96BF-A8B45B84D1E9}.Release|Any CPU.Build.0 = Release|Any CPU
	EndGlobalSection
	GlobalSection(SolutionProperties) = preSolution
		HideSolutionNode = FALSE
	EndGlobalSection
	GlobalSection(ExtensibilityGlobals) = postSolution
		SolutionGuid = {D4B21689-06E8-4644-81A8-B9160CD5E228}
	EndGlobalSection
EndGlobal
